// !$*UTF8*$!
{
	archiveVersion = 1;
	classes = {
	};
	objectVersion = 56;
	objects = {

/* Begin PBXBuildFile section */
		D265790D2B640CAF00895CDA /* BusinessCardPayload.swift in Sources */ = {isa = PBXBuildFile; fileRef = D265790C2B640CAF00895CDA /* BusinessCardPayload.swift */; };
		D265790F2B640CEF00895CDA /* BusinessCard.swift in Sources */ = {isa = PBXBuildFile; fileRef = D265790E2B640CEF00895CDA /* BusinessCard.swift */; };
		D26579142B64102E00895CDA /* ContentView.swift in Sources */ = {isa = PBXBuildFile; fileRef = D26579132B64102E00895CDA /* ContentView.swift */; };
		D26579182B6410C500895CDA /* HomeView.swift in Sources */ = {isa = PBXBuildFile; fileRef = D26579172B6410C500895CDA /* HomeView.swift */; };
		D265791A2B6410DC00895CDA /* MyPageView.swift in Sources */ = {isa = PBXBuildFile; fileRef = D26579192B6410DC00895CDA /* MyPageView.swift */; };
		D28B52112B4B42610063315E /* CardierApp.swift in Sources */ = {isa = PBXBuildFile; fileRef = D28B52102B4B42610063315E /* CardierApp.swift */; };
		D28B52132B4B42610063315E /* ContentViewOriginal.swift in Sources */ = {isa = PBXBuildFile; fileRef = D28B52122B4B42610063315E /* ContentViewOriginal.swift */; };
		D28B52152B4B42620063315E /* Assets.xcassets in Resources */ = {isa = PBXBuildFile; fileRef = D28B52142B4B42620063315E /* Assets.xcassets */; };
		D28B52182B4B42620063315E /* Preview Assets.xcassets in Resources */ = {isa = PBXBuildFile; fileRef = D28B52172B4B42620063315E /* Preview Assets.xcassets */; };
		D28B521A2B4B42620063315E /* Persistence.swift in Sources */ = {isa = PBXBuildFile; fileRef = D28B52192B4B42620063315E /* Persistence.swift */; };
		D28B521D2B4B42620063315E /* Cardier.xcdatamodeld in Sources */ = {isa = PBXBuildFile; fileRef = D28B521B2B4B42620063315E /* Cardier.xcdatamodeld */; };
/* End PBXBuildFile section */

/* Begin PBXFileReference section */
		D265790C2B640CAF00895CDA /* BusinessCardPayload.swift */ = {isa = PBXFileReference; lastKnownFileType = sourcecode.swift; path = BusinessCardPayload.swift; sourceTree = "<group>"; };
		D265790E2B640CEF00895CDA /* BusinessCard.swift */ = {isa = PBXFileReference; lastKnownFileType = sourcecode.swift; path = BusinessCard.swift; sourceTree = "<group>"; };
		D26579132B64102E00895CDA /* ContentView.swift */ = {isa = PBXFileReference; lastKnownFileType = sourcecode.swift; path = ContentView.swift; sourceTree = "<group>"; };
		D26579172B6410C500895CDA /* HomeView.swift */ = {isa = PBXFileReference; lastKnownFileType = sourcecode.swift; path = HomeView.swift; sourceTree = "<group>"; };
		D26579192B6410DC00895CDA /* MyPageView.swift */ = {isa = PBXFileReference; lastKnownFileType = sourcecode.swift; path = MyPageView.swift; sourceTree = "<group>"; };
		D28B520D2B4B42610063315E /* Cardier.app */ = {isa = PBXFileReference; explicitFileType = wrapper.application; includeInIndex = 0; path = Cardier.app; sourceTree = BUILT_PRODUCTS_DIR; };
		D28B52102B4B42610063315E /* CardierApp.swift */ = {isa = PBXFileReference; lastKnownFileType = sourcecode.swift; path = CardierApp.swift; sourceTree = "<group>"; };
		D28B52122B4B42610063315E /* ContentViewOriginal.swift */ = {isa = PBXFileReference; lastKnownFileType = sourcecode.swift; path = ContentViewOriginal.swift; sourceTree = "<group>"; };
		D28B52142B4B42620063315E /* Assets.xcassets */ = {isa = PBXFileReference; lastKnownFileType = folder.assetcatalog; path = Assets.xcassets; sourceTree = "<group>"; };
		D28B52172B4B42620063315E /* Preview Assets.xcassets */ = {isa = PBXFileReference; lastKnownFileType = folder.assetcatalog; path = "Preview Assets.xcassets"; sourceTree = "<group>"; };
		D28B52192B4B42620063315E /* Persistence.swift */ = {isa = PBXFileReference; lastKnownFileType = sourcecode.swift; path = Persistence.swift; sourceTree = "<group>"; };
		D28B521C2B4B42620063315E /* Cardier.xcdatamodel */ = {isa = PBXFileReference; lastKnownFileType = wrapper.xcdatamodel; path = Cardier.xcdatamodel; sourceTree = "<group>"; };
/* End PBXFileReference section */

/* Begin PBXFrameworksBuildPhase section */
		D28B520A2B4B42610063315E /* Frameworks */ = {
			isa = PBXFrameworksBuildPhase;
			buildActionMask = 2147483647;
			files = (
			);
			runOnlyForDeploymentPostprocessing = 0;
		};
/* End PBXFrameworksBuildPhase section */

/* Begin PBXGroup section */
		D26579102B640D4E00895CDA /* dto */ = {
			isa = PBXGroup;
			children = (
				D265790C2B640CAF00895CDA /* BusinessCardPayload.swift */,
			);
			path = dto;
			sourceTree = "<group>";
		};
		D26579112B640D6200895CDA /* component */ = {
			isa = PBXGroup;
			children = (
				D265790E2B640CEF00895CDA /* BusinessCard.swift */,
			);
			path = component;
			sourceTree = "<group>";
		};
		D26579122B640D7300895CDA /* view */ = {
			isa = PBXGroup;
			children = (
				D26579132B64102E00895CDA /* ContentView.swift */,
				D26579162B6410BA00895CDA /* page */,
				D26579112B640D6200895CDA /* component */,
			);
			path = view;
			sourceTree = "<group>";
		};
		D26579152B64104600895CDA /* deprecated */ = {
			isa = PBXGroup;
			children = (
				D28B52122B4B42610063315E /* ContentViewOriginal.swift */,
			);
			path = deprecated;
			sourceTree = "<group>";
		};
		D26579162B6410BA00895CDA /* page */ = {
			isa = PBXGroup;
			children = (
				D265791B2B64116500895CDA /* home */,
				D265791C2B64117500895CDA /* my-page */,
			);
			path = page;
			sourceTree = "<group>";
		};
		D265791B2B64116500895CDA /* home */ = {
			isa = PBXGroup;
			children = (
				D26579172B6410C500895CDA /* HomeView.swift */,
			);
			path = home;
			sourceTree = "<group>";
		};
		D265791C2B64117500895CDA /* my-page */ = {
			isa = PBXGroup;
			children = (
				D26579192B6410DC00895CDA /* MyPageView.swift */,
			);
			path = "my-page";
			sourceTree = "<group>";
		};
		D28B52042B4B42610063315E = {
			isa = PBXGroup;
			children = (
				D28B520F2B4B42610063315E /* Cardier */,
				D28B520E2B4B42610063315E /* Products */,
			);
			sourceTree = "<group>";
		};
		D28B520E2B4B42610063315E /* Products */ = {
			isa = PBXGroup;
			children = (
				D28B520D2B4B42610063315E /* Cardier.app */,
			);
			name = Products;
			sourceTree = "<group>";
		};
		D28B520F2B4B42610063315E /* Cardier */ = {
			isa = PBXGroup;
			children = (
				D28B52102B4B42610063315E /* CardierApp.swift */,
				D26579102B640D4E00895CDA /* dto */,
				D26579122B640D7300895CDA /* view */,
				D28B52142B4B42620063315E /* Assets.xcassets */,
				D28B52192B4B42620063315E /* Persistence.swift */,
				D26579152B64104600895CDA /* deprecated */,
				D28B521B2B4B42620063315E /* Cardier.xcdatamodeld */,
				D28B52162B4B42620063315E /* Preview Content */,
			);
			path = Cardier;
			sourceTree = "<group>";
		};
		D28B52162B4B42620063315E /* Preview Content */ = {
			isa = PBXGroup;
			children = (
				D28B52172B4B42620063315E /* Preview Assets.xcassets */,
			);
			path = "Preview Content";
			sourceTree = "<group>";
		};
/* End PBXGroup section */

/* Begin PBXNativeTarget section */
		D28B520C2B4B42610063315E /* Cardier */ = {
			isa = PBXNativeTarget;
			buildConfigurationList = D28B52202B4B42620063315E /* Build configuration list for PBXNativeTarget "Cardier" */;
			buildPhases = (
				D28B52092B4B42610063315E /* Sources */,
				D28B520A2B4B42610063315E /* Frameworks */,
				D28B520B2B4B42610063315E /* Resources */,
			);
			buildRules = (
			);
			dependencies = (
			);
			name = Cardier;
			productName = Cardier;
			productReference = D28B520D2B4B42610063315E /* Cardier.app */;
			productType = "com.apple.product-type.application";
		};
/* End PBXNativeTarget section */

/* Begin PBXProject section */
		D28B52052B4B42610063315E /* Project object */ = {
			isa = PBXProject;
			attributes = {
				BuildIndependentTargetsInParallel = 1;
				LastSwiftUpdateCheck = 1510;
				LastUpgradeCheck = 1510;
				TargetAttributes = {
					D28B520C2B4B42610063315E = {
						CreatedOnToolsVersion = 15.1;
					};
				};
			};
			buildConfigurationList = D28B52082B4B42610063315E /* Build configuration list for PBXProject "Cardier" */;
			compatibilityVersion = "Xcode 14.0";
			developmentRegion = en;
			hasScannedForEncodings = 0;
			knownRegions = (
				en,
				Base,
			);
			mainGroup = D28B52042B4B42610063315E;
			productRefGroup = D28B520E2B4B42610063315E /* Products */;
			projectDirPath = "";
			projectRoot = "";
			targets = (
				D28B520C2B4B42610063315E /* Cardier */,
			);
		};
/* End PBXProject section */

/* Begin PBXResourcesBuildPhase section */
		D28B520B2B4B42610063315E /* Resources */ = {
			isa = PBXResourcesBuildPhase;
			buildActionMask = 2147483647;
			files = (
				D28B52182B4B42620063315E /* Preview Assets.xcassets in Resources */,
				D28B52152B4B42620063315E /* Assets.xcassets in Resources */,
			);
			runOnlyForDeploymentPostprocessing = 0;
		};
/* End PBXResourcesBuildPhase section */

/* Begin PBXSourcesBuildPhase section */
		D28B52092B4B42610063315E /* Sources */ = {
			isa = PBXSourcesBuildPhase;
			buildActionMask = 2147483647;
			files = (
				D265790D2B640CAF00895CDA /* BusinessCardPayload.swift in Sources */,
				D28B521A2B4B42620063315E /* Persistence.swift in Sources */,
				D26579142B64102E00895CDA /* ContentView.swift in Sources */,
				D28B52132B4B42610063315E /* ContentViewOriginal.swift in Sources */,
				D265790F2B640CEF00895CDA /* BusinessCard.swift in Sources */,
				D265791A2B6410DC00895CDA /* MyPageView.swift in Sources */,
				D26579182B6410C500895CDA /* HomeView.swift in Sources */,
				D28B521D2B4B42620063315E /* Cardier.xcdatamodeld in Sources */,
				D28B52112B4B42610063315E /* CardierApp.swift in Sources */,
			);
			runOnlyForDeploymentPostprocessing = 0;
		};
/* End PBXSourcesBuildPhase section */

/* Begin XCBuildConfiguration section */
		D28B521E2B4B42620063315E /* Debug */ = {
			isa = XCBuildConfiguration;
			buildSettings = {
				ALWAYS_SEARCH_USER_PATHS = NO;
				ASSETCATALOG_COMPILER_GENERATE_SWIFT_ASSET_SYMBOL_EXTENSIONS = YES;
				CLANG_ANALYZER_NONNULL = YES;
				CLANG_ANALYZER_NUMBER_OBJECT_CONVERSION = YES_AGGRESSIVE;
				CLANG_CXX_LANGUAGE_STANDARD = "gnu++20";
				CLANG_ENABLE_MODULES = YES;
				CLANG_ENABLE_OBJC_ARC = YES;
				CLANG_ENABLE_OBJC_WEAK = YES;
				CLANG_WARN_BLOCK_CAPTURE_AUTORELEASING = YES;
				CLANG_WARN_BOOL_CONVERSION = YES;
				CLANG_WARN_COMMA = YES;
				CLANG_WARN_CONSTANT_CONVERSION = YES;
				CLANG_WARN_DEPRECATED_OBJC_IMPLEMENTATIONS = YES;
				CLANG_WARN_DIRECT_OBJC_ISA_USAGE = YES_ERROR;
				CLANG_WARN_DOCUMENTATION_COMMENTS = YES;
				CLANG_WARN_EMPTY_BODY = YES;
				CLANG_WARN_ENUM_CONVERSION = YES;
				CLANG_WARN_INFINITE_RECURSION = YES;
				CLANG_WARN_INT_CONVERSION = YES;
				CLANG_WARN_NON_LITERAL_NULL_CONVERSION = YES;
				CLANG_WARN_OBJC_IMPLICIT_RETAIN_SELF = YES;
				CLANG_WARN_OBJC_LITERAL_CONVERSION = YES;
				CLANG_WARN_OBJC_ROOT_CLASS = YES_ERROR;
				CLANG_WARN_QUOTED_INCLUDE_IN_FRAMEWORK_HEADER = YES;
				CLANG_WARN_RANGE_LOOP_ANALYSIS = YES;
				CLANG_WARN_STRICT_PROTOTYPES = YES;
				CLANG_WARN_SUSPICIOUS_MOVE = YES;
				CLANG_WARN_UNGUARDED_AVAILABILITY = YES_AGGRESSIVE;
				CLANG_WARN_UNREACHABLE_CODE = YES;
				CLANG_WARN__DUPLICATE_METHOD_MATCH = YES;
				COPY_PHASE_STRIP = NO;
				DEBUG_INFORMATION_FORMAT = dwarf;
				ENABLE_STRICT_OBJC_MSGSEND = YES;
				ENABLE_TESTABILITY = YES;
				ENABLE_USER_SCRIPT_SANDBOXING = YES;
				GCC_C_LANGUAGE_STANDARD = gnu17;
				GCC_DYNAMIC_NO_PIC = NO;
				GCC_NO_COMMON_BLOCKS = YES;
				GCC_OPTIMIZATION_LEVEL = 0;
				GCC_PREPROCESSOR_DEFINITIONS = (
					"DEBUG=1",
					"$(inherited)",
				);
				GCC_WARN_64_TO_32_BIT_CONVERSION = YES;
				GCC_WARN_ABOUT_RETURN_TYPE = YES_ERROR;
				GCC_WARN_UNDECLARED_SELECTOR = YES;
				GCC_WARN_UNINITIALIZED_AUTOS = YES_AGGRESSIVE;
				GCC_WARN_UNUSED_FUNCTION = YES;
				GCC_WARN_UNUSED_VARIABLE = YES;
				IPHONEOS_DEPLOYMENT_TARGET = 17.2;
				LOCALIZATION_PREFERS_STRING_CATALOGS = YES;
				MTL_ENABLE_DEBUG_INFO = INCLUDE_SOURCE;
				MTL_FAST_MATH = YES;
				ONLY_ACTIVE_ARCH = YES;
				SDKROOT = iphoneos;
				SWIFT_ACTIVE_COMPILATION_CONDITIONS = "DEBUG $(inherited)";
				SWIFT_OPTIMIZATION_LEVEL = "-Onone";
			};
			name = Debug;
		};
		D28B521F2B4B42620063315E /* Release */ = {
			isa = XCBuildConfiguration;
			buildSettings = {
				ALWAYS_SEARCH_USER_PATHS = NO;
				ASSETCATALOG_COMPILER_GENERATE_SWIFT_ASSET_SYMBOL_EXTENSIONS = YES;
				CLANG_ANALYZER_NONNULL = YES;
				CLANG_ANALYZER_NUMBER_OBJECT_CONVERSION = YES_AGGRESSIVE;
				CLANG_CXX_LANGUAGE_STANDARD = "gnu++20";
				CLANG_ENABLE_MODULES = YES;
				CLANG_ENABLE_OBJC_ARC = YES;
				CLANG_ENABLE_OBJC_WEAK = YES;
				CLANG_WARN_BLOCK_CAPTURE_AUTORELEASING = YES;
				CLANG_WARN_BOOL_CONVERSION = YES;
				CLANG_WARN_COMMA = YES;
				CLANG_WARN_CONSTANT_CONVERSION = YES;
				CLANG_WARN_DEPRECATED_OBJC_IMPLEMENTATIONS = YES;
				CLANG_WARN_DIRECT_OBJC_ISA_USAGE = YES_ERROR;
				CLANG_WARN_DOCUMENTATION_COMMENTS = YES;
				CLANG_WARN_EMPTY_BODY = YES;
				CLANG_WARN_ENUM_CONVERSION = YES;
				CLANG_WARN_INFINITE_RECURSION = YES;
				CLANG_WARN_INT_CONVERSION = YES;
				CLANG_WARN_NON_LITERAL_NULL_CONVERSION = YES;
				CLANG_WARN_OBJC_IMPLICIT_RETAIN_SELF = YES;
				CLANG_WARN_OBJC_LITERAL_CONVERSION = YES;
				CLANG_WARN_OBJC_ROOT_CLASS = YES_ERROR;
				CLANG_WARN_QUOTED_INCLUDE_IN_FRAMEWORK_HEADER = YES;
				CLANG_WARN_RANGE_LOOP_ANALYSIS = YES;
				CLANG_WARN_STRICT_PROTOTYPES = YES;
				CLANG_WARN_SUSPICIOUS_MOVE = YES;
				CLANG_WARN_UNGUARDED_AVAILABILITY = YES_AGGRESSIVE;
				CLANG_WARN_UNREACHABLE_CODE = YES;
				CLANG_WARN__DUPLICATE_METHOD_MATCH = YES;
				COPY_PHASE_STRIP = NO;
				DEBUG_INFORMATION_FORMAT = "dwarf-with-dsym";
				ENABLE_NS_ASSERTIONS = NO;
				ENABLE_STRICT_OBJC_MSGSEND = YES;
				ENABLE_USER_SCRIPT_SANDBOXING = YES;
				GCC_C_LANGUAGE_STANDARD = gnu17;
				GCC_NO_COMMON_BLOCKS = YES;
				GCC_WARN_64_TO_32_BIT_CONVERSION = YES;
				GCC_WARN_ABOUT_RETURN_TYPE = YES_ERROR;
				GCC_WARN_UNDECLARED_SELECTOR = YES;
				GCC_WARN_UNINITIALIZED_AUTOS = YES_AGGRESSIVE;
				GCC_WARN_UNUSED_FUNCTION = YES;
				GCC_WARN_UNUSED_VARIABLE = YES;
				IPHONEOS_DEPLOYMENT_TARGET = 17.2;
				LOCALIZATION_PREFERS_STRING_CATALOGS = YES;
				MTL_ENABLE_DEBUG_INFO = NO;
				MTL_FAST_MATH = YES;
				SDKROOT = iphoneos;
				SWIFT_COMPILATION_MODE = wholemodule;
				VALIDATE_PRODUCT = YES;
			};
			name = Release;
		};
		D28B52212B4B42620063315E /* Debug */ = {
			isa = XCBuildConfiguration;
			buildSettings = {
				ASSETCATALOG_COMPILER_APPICON_NAME = AppIcon;
				ASSETCATALOG_COMPILER_GLOBAL_ACCENT_COLOR_NAME = AccentColor;
				CODE_SIGN_STYLE = Automatic;
				CURRENT_PROJECT_VERSION = 2024012601;
				DEVELOPMENT_ASSET_PATHS = "\"Cardier/Preview Content\"";
				DEVELOPMENT_TEAM = 2JDGUK4DRH;
				ENABLE_PREVIEWS = YES;
				GENERATE_INFOPLIST_FILE = YES;
				INFOPLIST_KEY_CFBundleDisplayName = Cardier;
				INFOPLIST_KEY_UIApplicationSceneManifest_Generation = YES;
				INFOPLIST_KEY_UIApplicationSupportsIndirectInputEvents = YES;
				INFOPLIST_KEY_UILaunchScreen_Generation = YES;
				INFOPLIST_KEY_UISupportedInterfaceOrientations_iPad = "UIInterfaceOrientationPortrait UIInterfaceOrientationPortraitUpsideDown UIInterfaceOrientationLandscapeLeft UIInterfaceOrientationLandscapeRight";
				INFOPLIST_KEY_UISupportedInterfaceOrientations_iPhone = "UIInterfaceOrientationPortrait UIInterfaceOrientationLandscapeLeft UIInterfaceOrientationLandscapeRight";
				IPHONEOS_DEPLOYMENT_TARGET = 17.0;
				LD_RUNPATH_SEARCH_PATHS = (
					"$(inherited)",
					"@executable_path/Frameworks",
				);
				MARKETING_VERSION = 1.0;
				PRODUCT_BUNDLE_IDENTIFIER = com.github.osucoding.Cardier;
				PRODUCT_NAME = "$(TARGET_NAME)";
				SWIFT_EMIT_LOC_STRINGS = YES;
				SWIFT_VERSION = 5.0;
				TARGETED_DEVICE_FAMILY = "1,2";
			};
			name = Debug;
		};
		D28B52222B4B42620063315E /* Release */ = {
			isa = XCBuildConfiguration;
			buildSettings = {
				ASSETCATALOG_COMPILER_APPICON_NAME = AppIcon;
				ASSETCATALOG_COMPILER_GLOBAL_ACCENT_COLOR_NAME = AccentColor;
				CODE_SIGN_STYLE = Automatic;
				CURRENT_PROJECT_VERSION = 2024012601;
				DEVELOPMENT_ASSET_PATHS = "\"Cardier/Preview Content\"";
				DEVELOPMENT_TEAM = 2JDGUK4DRH;
				ENABLE_PREVIEWS = YES;
				GENERATE_INFOPLIST_FILE = YES;
				INFOPLIST_KEY_CFBundleDisplayName = Cardier;
				INFOPLIST_KEY_UIApplicationSceneManifest_Generation = YES;
				INFOPLIST_KEY_UIApplicationSupportsIndirectInputEvents = YES;
				INFOPLIST_KEY_UILaunchScreen_Generation = YES;
				INFOPLIST_KEY_UISupportedInterfaceOrientations_iPad = "UIInterfaceOrientationPortrait UIInterfaceOrientationPortraitUpsideDown UIInterfaceOrientationLandscapeLeft UIInterfaceOrientationLandscapeRight";
				INFOPLIST_KEY_UISupportedInterfaceOrientations_iPhone = "UIInterfaceOrientationPortrait UIInterfaceOrientationLandscapeLeft UIInterfaceOrientationLandscapeRight";
				IPHONEOS_DEPLOYMENT_TARGET = 17.0;
				LD_RUNPATH_SEARCH_PATHS = (
					"$(inherited)",
					"@executable_path/Frameworks",
				);
				MARKETING_VERSION = 1.0;
				PRODUCT_BUNDLE_IDENTIFIER = com.github.osucoding.Cardier;
				PRODUCT_NAME = "$(TARGET_NAME)";
				SWIFT_EMIT_LOC_STRINGS = YES;
				SWIFT_VERSION = 5.0;
				TARGETED_DEVICE_FAMILY = "1,2";
			};
			name = Release;
		};
/* End XCBuildConfiguration section */

/* Begin XCConfigurationList section */
		D28B52082B4B42610063315E /* Build configuration list for PBXProject "Cardier" */ = {
			isa = XCConfigurationList;
			buildConfigurations = (
				D28B521E2B4B42620063315E /* Debug */,
				D28B521F2B4B42620063315E /* Release */,
			);
			defaultConfigurationIsVisible = 0;
			defaultConfigurationName = Release;
		};
		D28B52202B4B42620063315E /* Build configuration list for PBXNativeTarget "Cardier" */ = {
			isa = XCConfigurationList;
			buildConfigurations = (
				D28B52212B4B42620063315E /* Debug */,
				D28B52222B4B42620063315E /* Release */,
			);
			defaultConfigurationIsVisible = 0;
			defaultConfigurationName = Release;
		};
/* End XCConfigurationList section */

/* Begin XCVersionGroup section */
		D28B521B2B4B42620063315E /* Cardier.xcdatamodeld */ = {
			isa = XCVersionGroup;
			children = (
				D28B521C2B4B42620063315E /* Cardier.xcdatamodel */,
			);
			currentVersion = D28B521C2B4B42620063315E /* Cardier.xcdatamodel */;
			path = Cardier.xcdatamodeld;
			sourceTree = "<group>";
			versionGroupType = wrapper.xcdatamodel;
		};
/* End XCVersionGroup section */
	};
	rootObject = D28B52052B4B42610063315E /* Project object */;
}
